
Microsoft Visual Studio Solution File, Format Version 12.00
# Visual Studio 2013
VisualStudioVersion = 12.0.21005.1
MinimumVisualStudioVersion = 10.0.40219.1
Project("{8BC9CEB8-8B4A-11D0-8D11-00A0C91BC942}") = "UserInterface", "UserInterface\UserInterface.vcxproj", "{6660E967-BD0E-4429-A17A-5012218739EC}"
EndProject
Project("{8BC9CEB8-8B4A-11D0-8D11-00A0C91BC942}") = "CoreModules", "CoreModules\CoreModules.vcxproj", "{EDD0E368-EEA3-4382-ADC1-1774D525BC45}"
EndProject
Project("{8BC9CEB8-8B4A-11D0-8D11-00A0C91BC942}") = "CoreModulesTest", "CoreModulesTest\CoreModulesTest.vcxproj", "{0F9BE6C6-9748-4207-9839-0C6086B15B73}"
EndProject
Global
	GlobalSection(TeamFoundationVersionControl) = preSolution
		SccNumberOfProjects = 4
		SccEnterpriseProvider = {4CA58AB2-18FA-4F8D-95D4-32DDF27D184C}
		SccTeamFoundationServer = https://sunohmultimedia.visualstudio.com/defaultcollection
		SccLocalPath0 = .
		SccProjectUniqueName1 = UserInterface\\UserInterface.vcxproj
		SccProjectName1 = UserInterface
		SccLocalPath1 = UserInterface
		SccProjectUniqueName2 = CoreModules\\CoreModules.vcxproj
		SccProjectName2 = CoreModules
		SccLocalPath2 = CoreModules
		SccProjectUniqueName3 = CoreModulesTest\\CoreModulesTest.vcxproj
		SccProjectName3 = CoreModulesTest
		SccLocalPath3 = CoreModulesTest
	EndGlobalSection
	GlobalSection(SolutionConfigurationPlatforms) = preSolution
		Debug|x64 = Debug|x64
		Release|x64 = Release|x64
	EndGlobalSection
	GlobalSection(ProjectConfigurationPlatforms) = postSolution
		{6660E967-BD0E-4429-A17A-5012218739EC}.Debug|x64.ActiveCfg = Debug|x64
		{6660E967-BD0E-4429-A17A-5012218739EC}.Debug|x64.Build.0 = Debug|x64
		{6660E967-BD0E-4429-A17A-5012218739EC}.Release|x64.ActiveCfg = Release|x64
		{6660E967-BD0E-4429-A17A-5012218739EC}.Release|x64.Build.0 = Release|x64
		{EDD0E368-EEA3-4382-ADC1-1774D525BC45}.Debug|x64.ActiveCfg = Debug|x64
		{EDD0E368-EEA3-4382-ADC1-1774D525BC45}.Debug|x64.Build.0 = Debug|x64
		{EDD0E368-EEA3-4382-ADC1-1774D525BC45}.Release|x64.ActiveCfg = Release|x64
		{EDD0E368-EEA3-4382-ADC1-1774D525BC45}.Release|x64.Build.0 = Release|x64
		{0F9BE6C6-9748-4207-9839-0C6086B15B73}.Debug|x64.ActiveCfg = Debug|x64
		{0F9BE6C6-9748-4207-9839-0C6086B15B73}.Debug|x64.Build.0 = Debug|x64
		{0F9BE6C6-9748-4207-9839-0C6086B15B73}.Release|x64.ActiveCfg = Release|x64
		{0F9BE6C6-9748-4207-9839-0C6086B15B73}.Release|x64.Build.0 = Release|x64
	EndGlobalSection
	GlobalSection(SolutionProperties) = preSolution
		HideSolutionNode = FALSE
	EndGlobalSection
EndGlobal
